
Microsoft Visual Studio Solution File, Format Version 12.00
# Visual Studio Version 16
VisualStudioVersion = 16.0.30523.141
MinimumVisualStudioVersion = 10.0.40219.1
Project("{FAE04EC0-301F-11D3-BF4B-00C04F79EFBC}") = "nashville-beer", "nashville-beer\nashville-beer.csproj", "{BFFB705C-9FEC-438F-817A-15C9E4995495}"
EndProject
Global
	GlobalSection(SolutionConfigurationPlatforms) = preSolution
		Debug|Any CPU = Debug|Any CPU
		Release|Any CPU = Release|Any CPU
	EndGlobalSection
	GlobalSection(ProjectConfigurationPlatforms) = postSolution
		{BFFB705C-9FEC-438F-817A-15C9E4995495}.Debug|Any CPU.ActiveCfg = Debug|Any CPU
		{BFFB705C-9FEC-438F-817A-15C9E4995495}.Debug|Any CPU.Build.0 = Debug|Any CPU
		{BFFB705C-9FEC-438F-817A-15C9E4995495}.Release|Any CPU.ActiveCfg = Release|Any CPU
		{BFFB705C-9FEC-438F-817A-15C9E4995495}.Release|Any CPU.Build.0 = Release|Any CPU
	EndGlobalSection
	GlobalSection(SolutionProperties) = preSolution
		HideSolutionNode = FALSE
	EndGlobalSection
	GlobalSection(ExtensibilityGlobals) = postSolution
		SolutionGuid = {2DC88368-A34E-4DE5-8E2C-E5C0B0EFF988}
	EndGlobalSection
EndGlobal
